
Microsoft Visual Studio Solution File, Format Version 12.00
# Visual Studio Version 16
VisualStudioVersion = 16.0.31702.278
MinimumVisualStudioVersion = 10.0.40219.1
Project("{FAE04EC0-301F-11D3-BF4B-00C04F79EFBC}") = "GC_RoomCalculator", "GC_RoomCalculator\GC_RoomCalculator.csproj", "{86959065-57A4-427A-AB45-0782CF2B6405}"
EndProject
Global
	GlobalSection(SolutionConfigurationPlatforms) = preSolution
		Debug|Any CPU = Debug|Any CPU
		Release|Any CPU = Release|Any CPU
	EndGlobalSection
	GlobalSection(ProjectConfigurationPlatforms) = postSolution
		{86959065-57A4-427A-AB45-0782CF2B6405}.Debug|Any CPU.ActiveCfg = Debug|Any CPU
		{86959065-57A4-427A-AB45-0782CF2B6405}.Debug|Any CPU.Build.0 = Debug|Any CPU
		{86959065-57A4-427A-AB45-0782CF2B6405}.Release|Any CPU.ActiveCfg = Release|Any CPU
		{86959065-57A4-427A-AB45-0782CF2B6405}.Release|Any CPU.Build.0 = Release|Any CPU
	EndGlobalSection
	GlobalSection(SolutionProperties) = preSolution
		HideSolutionNode = FALSE
	EndGlobalSection
	GlobalSection(ExtensibilityGlobals) = postSolution
		SolutionGuid = {B51BFA5B-14DC-427D-A777-AC4424CCF3F5}
	EndGlobalSection
EndGlobal
